
Microsoft Visual Studio Solution File, Format Version 12.00
# Visual Studio 15
VisualStudioVersion = 15.0.28307.902
MinimumVisualStudioVersion = 10.0.40219.1
Project("{2150E333-8FDC-42A3-9474-1A3956D46DE8}") = "1. Presentacion", "1. Presentacion", "{DE8D0673-65FC-4BB4-80CD-238D49B49482}"
EndProject
Project("{2150E333-8FDC-42A3-9474-1A3956D46DE8}") = "2. Dominio", "2. Dominio", "{1B73F407-50F7-4808-A069-5E8B5FDC6908}"
EndProject
Project("{2150E333-8FDC-42A3-9474-1A3956D46DE8}") = "3. InfraEstructura", "3. InfraEstructura", "{7BF1645D-E6D8-456D-AEE9-ED04AE37D443}"
EndProject
Project("{2150E333-8FDC-42A3-9474-1A3956D46DE8}") = "4. Entidades", "4. Entidades", "{66CA221C-DE33-4552-9EFF-AEC6A5D5DD9A}"
EndProject
Project("{9A19103F-16F7-4668-BE54-9A1E7A4F7556}") = "InfraEstructura.AccesoDatos", "InfraEstructura.AccesoDatos\InfraEstructura.AccesoDatos.csproj", "{252D7868-FC48-4BA9-B434-F2E7A1C278F6}"
EndProject
Project("{9A19103F-16F7-4668-BE54-9A1E7A4F7556}") = "Entidades.Entidades", "Entidades.Entidades\Entidades.Entidades.csproj", "{B7184476-6C95-4031-B218-75686CF9D3C9}"
EndProject
Project("{9A19103F-16F7-4668-BE54-9A1E7A4F7556}") = "InfraEstructura.Contratos", "InfraEstructura.Contratos\InfraEstructura.Contratos.csproj", "{F556B8B6-A263-4C9C-8B01-202B7320A1DB}"
EndProject
Project("{9A19103F-16F7-4668-BE54-9A1E7A4F7556}") = "InfraEstructuraRepositorios", "InfraEstructuraRepositorios\InfraEstructuraRepositorios.csproj", "{214F98EE-5656-4213-8292-16D7CA979B2D}"
EndProject
Project("{9A19103F-16F7-4668-BE54-9A1E7A4F7556}") = "InfraEstructura.UoW", "InfraEstructura.UoW\InfraEstructura.UoW.csproj", "{40F966E9-87D9-41B9-84BE-96A8D5D4A667}"
EndProject
Project("{9A19103F-16F7-4668-BE54-9A1E7A4F7556}") = "Dominio.Contratos", "Dominio.Contratos\Dominio.Contratos.csproj", "{B6BE938D-9293-4140-A44F-3380F36DD171}"
EndProject
Project("{9A19103F-16F7-4668-BE54-9A1E7A4F7556}") = "Dominio.ReglaNegocio", "Dominio.ReglaNegocio\Dominio.ReglaNegocio.csproj", "{816571D4-79C7-4BE8-A7E8-A4EE316A4A65}"
EndProject
Project("{9A19103F-16F7-4668-BE54-9A1E7A4F7556}") = "Dominio.EntidadesDto", "Dominio.EntidadesDto\Dominio.EntidadesDto.csproj", "{E705FC0F-2D0B-45C2-AE78-639B6A883C19}"
EndProject
Project("{9A19103F-16F7-4668-BE54-9A1E7A4F7556}") = "InfraEstructura.IoC", "InfraEstructura.IoC\InfraEstructura.IoC.csproj", "{C43C790C-BF4D-45DD-BCC2-7E7BCDA20C75}"
EndProject
Project("{9A19103F-16F7-4668-BE54-9A1E7A4F7556}") = "Dominio.Mapa", "Dominio.Mapa\Dominio.Mapa.csproj", "{D6C04DDB-FD9C-4EAB-9CDE-4FBBA83B6CB7}"
EndProject
Project("{9A19103F-16F7-4668-BE54-9A1E7A4F7556}") = "InfraEstructura.Transversal", "InfraEstructura.Transversal\InfraEstructura.Transversal.csproj", "{E44C8E95-EEBE-4F9E-9C63-D72F90C299A2}"
EndProject
Project("{9A19103F-16F7-4668-BE54-9A1E7A4F7556}") = "SaveDoc", "SaveDoc\SaveDoc.csproj", "{D09A5128-F8E7-4B24-88AE-DB5938261716}"
EndProject
Global
	GlobalSection(SolutionConfigurationPlatforms) = preSolution
		Debug|Any CPU = Debug|Any CPU
		Release|Any CPU = Release|Any CPU
	EndGlobalSection
	GlobalSection(ProjectConfigurationPlatforms) = postSolution
		{252D7868-FC48-4BA9-B434-F2E7A1C278F6}.Debug|Any CPU.ActiveCfg = Debug|Any CPU
		{252D7868-FC48-4BA9-B434-F2E7A1C278F6}.Debug|Any CPU.Build.0 = Debug|Any CPU
		{252D7868-FC48-4BA9-B434-F2E7A1C278F6}.Release|Any CPU.ActiveCfg = Release|Any CPU
		{252D7868-FC48-4BA9-B434-F2E7A1C278F6}.Release|Any CPU.Build.0 = Release|Any CPU
		{B7184476-6C95-4031-B218-75686CF9D3C9}.Debug|Any CPU.ActiveCfg = Debug|Any CPU
		{B7184476-6C95-4031-B218-75686CF9D3C9}.Debug|Any CPU.Build.0 = Debug|Any CPU
		{B7184476-6C95-4031-B218-75686CF9D3C9}.Release|Any CPU.ActiveCfg = Release|Any CPU
		{B7184476-6C95-4031-B218-75686CF9D3C9}.Release|Any CPU.Build.0 = Release|Any CPU
		{F556B8B6-A263-4C9C-8B01-202B7320A1DB}.Debug|Any CPU.ActiveCfg = Debug|Any CPU
		{F556B8B6-A263-4C9C-8B01-202B7320A1DB}.Debug|Any CPU.Build.0 = Debug|Any CPU
		{F556B8B6-A263-4C9C-8B01-202B7320A1DB}.Release|Any CPU.ActiveCfg = Release|Any CPU
		{F556B8B6-A263-4C9C-8B01-202B7320A1DB}.Release|Any CPU.Build.0 = Release|Any CPU
		{214F98EE-5656-4213-8292-16D7CA979B2D}.Debug|Any CPU.ActiveCfg = Debug|Any CPU
		{214F98EE-5656-4213-8292-16D7CA979B2D}.Debug|Any CPU.Build.0 = Debug|Any CPU
		{214F98EE-5656-4213-8292-16D7CA979B2D}.Release|Any CPU.ActiveCfg = Release|Any CPU
		{214F98EE-5656-4213-8292-16D7CA979B2D}.Release|Any CPU.Build.0 = Release|Any CPU
		{40F966E9-87D9-41B9-84BE-96A8D5D4A667}.Debug|Any CPU.ActiveCfg = Debug|Any CPU
		{40F966E9-87D9-41B9-84BE-96A8D5D4A667}.Debug|Any CPU.Build.0 = Debug|Any CPU
		{40F966E9-87D9-41B9-84BE-96A8D5D4A667}.Release|Any CPU.ActiveCfg = Release|Any CPU
		{40F966E9-87D9-41B9-84BE-96A8D5D4A667}.Release|Any CPU.Build.0 = Release|Any CPU
		{B6BE938D-9293-4140-A44F-3380F36DD171}.Debug|Any CPU.ActiveCfg = Debug|Any CPU
		{B6BE938D-9293-4140-A44F-3380F36DD171}.Debug|Any CPU.Build.0 = Debug|Any CPU
		{B6BE938D-9293-4140-A44F-3380F36DD171}.Release|Any CPU.ActiveCfg = Release|Any CPU
		{B6BE938D-9293-4140-A44F-3380F36DD171}.Release|Any CPU.Build.0 = Release|Any CPU
		{816571D4-79C7-4BE8-A7E8-A4EE316A4A65}.Debug|Any CPU.ActiveCfg = Debug|Any CPU
		{816571D4-79C7-4BE8-A7E8-A4EE316A4A65}.Debug|Any CPU.Build.0 = Debug|Any CPU
		{816571D4-79C7-4BE8-A7E8-A4EE316A4A65}.Release|Any CPU.ActiveCfg = Release|Any CPU
		{816571D4-79C7-4BE8-A7E8-A4EE316A4A65}.Release|Any CPU.Build.0 = Release|Any CPU
		{E705FC0F-2D0B-45C2-AE78-639B6A883C19}.Debug|Any CPU.ActiveCfg = Debug|Any CPU
		{E705FC0F-2D0B-45C2-AE78-639B6A883C19}.Debug|Any CPU.Build.0 = Debug|Any CPU
		{E705FC0F-2D0B-45C2-AE78-639B6A883C19}.Release|Any CPU.ActiveCfg = Release|Any CPU
		{E705FC0F-2D0B-45C2-AE78-639B6A883C19}.Release|Any CPU.Build.0 = Release|Any CPU
		{C43C790C-BF4D-45DD-BCC2-7E7BCDA20C75}.Debug|Any CPU.ActiveCfg = Debug|Any CPU
		{C43C790C-BF4D-45DD-BCC2-7E7BCDA20C75}.Debug|Any CPU.Build.0 = Debug|Any CPU
		{C43C790C-BF4D-45DD-BCC2-7E7BCDA20C75}.Release|Any CPU.ActiveCfg = Release|Any CPU
		{C43C790C-BF4D-45DD-BCC2-7E7BCDA20C75}.Release|Any CPU.Build.0 = Release|Any CPU
		{D6C04DDB-FD9C-4EAB-9CDE-4FBBA83B6CB7}.Debug|Any CPU.ActiveCfg = Debug|Any CPU
		{D6C04DDB-FD9C-4EAB-9CDE-4FBBA83B6CB7}.Debug|Any CPU.Build.0 = Debug|Any CPU
		{D6C04DDB-FD9C-4EAB-9CDE-4FBBA83B6CB7}.Release|Any CPU.ActiveCfg = Release|Any CPU
		{D6C04DDB-FD9C-4EAB-9CDE-4FBBA83B6CB7}.Release|Any CPU.Build.0 = Release|Any CPU
		{E44C8E95-EEBE-4F9E-9C63-D72F90C299A2}.Debug|Any CPU.ActiveCfg = Debug|Any CPU
		{E44C8E95-EEBE-4F9E-9C63-D72F90C299A2}.Debug|Any CPU.Build.0 = Debug|Any CPU
		{E44C8E95-EEBE-4F9E-9C63-D72F90C299A2}.Release|Any CPU.ActiveCfg = Release|Any CPU
		{E44C8E95-EEBE-4F9E-9C63-D72F90C299A2}.Release|Any CPU.Build.0 = Release|Any CPU
		{D09A5128-F8E7-4B24-88AE-DB5938261716}.Debug|Any CPU.ActiveCfg = Debug|Any CPU
		{D09A5128-F8E7-4B24-88AE-DB5938261716}.Debug|Any CPU.Build.0 = Debug|Any CPU
		{D09A5128-F8E7-4B24-88AE-DB5938261716}.Release|Any CPU.ActiveCfg = Release|Any CPU
		{D09A5128-F8E7-4B24-88AE-DB5938261716}.Release|Any CPU.Build.0 = Release|Any CPU
	EndGlobalSection
	GlobalSection(SolutionProperties) = preSolution
		HideSolutionNode = FALSE
	EndGlobalSection
	GlobalSection(NestedProjects) = preSolution
		{252D7868-FC48-4BA9-B434-F2E7A1C278F6} = {7BF1645D-E6D8-456D-AEE9-ED04AE37D443}
		{B7184476-6C95-4031-B218-75686CF9D3C9} = {66CA221C-DE33-4552-9EFF-AEC6A5D5DD9A}
		{F556B8B6-A263-4C9C-8B01-202B7320A1DB} = {7BF1645D-E6D8-456D-AEE9-ED04AE37D443}
		{214F98EE-5656-4213-8292-16D7CA979B2D} = {7BF1645D-E6D8-456D-AEE9-ED04AE37D443}
		{40F966E9-87D9-41B9-84BE-96A8D5D4A667} = {7BF1645D-E6D8-456D-AEE9-ED04AE37D443}
		{B6BE938D-9293-4140-A44F-3380F36DD171} = {1B73F407-50F7-4808-A069-5E8B5FDC6908}
		{816571D4-79C7-4BE8-A7E8-A4EE316A4A65} = {1B73F407-50F7-4808-A069-5E8B5FDC6908}
		{E705FC0F-2D0B-45C2-AE78-639B6A883C19} = {1B73F407-50F7-4808-A069-5E8B5FDC6908}
		{C43C790C-BF4D-45DD-BCC2-7E7BCDA20C75} = {7BF1645D-E6D8-456D-AEE9-ED04AE37D443}
		{D6C04DDB-FD9C-4EAB-9CDE-4FBBA83B6CB7} = {1B73F407-50F7-4808-A069-5E8B5FDC6908}
		{E44C8E95-EEBE-4F9E-9C63-D72F90C299A2} = {7BF1645D-E6D8-456D-AEE9-ED04AE37D443}
		{D09A5128-F8E7-4B24-88AE-DB5938261716} = {DE8D0673-65FC-4BB4-80CD-238D49B49482}
	EndGlobalSection
	GlobalSection(ExtensibilityGlobals) = postSolution
		SolutionGuid = {02D38A37-FF6C-4EE3-8D79-9398204EEB42}
	EndGlobalSection
EndGlobal
